
Microsoft Visual Studio Solution File, Format Version 12.00
# Visual Studio 2012
Project("{FAE04EC0-301F-11D3-BF4B-00C04F79EFBC}") = "XAMediaRecorder", "XAMediaRecorder.csproj", "{F625825C-2114-4559-932A-754495063E9D}"
EndProject
Global
	GlobalSection(SolutionConfigurationPlatforms) = preSolution
		Debug|Any CPU = Debug|Any CPU
		Release|Any CPU = Release|Any CPU
	EndGlobalSection
	GlobalSection(ProjectConfigurationPlatforms) = postSolution
		{F625825C-2114-4559-932A-754495063E9D}.Debug|Any CPU.ActiveCfg = Debug|Any CPU
		{F625825C-2114-4559-932A-754495063E9D}.Debug|Any CPU.Build.0 = Debug|Any CPU
		{F625825C-2114-4559-932A-754495063E9D}.Release|Any CPU.ActiveCfg = Release|Any CPU
		{F625825C-2114-4559-932A-754495063E9D}.Release|Any CPU.Build.0 = Release|Any CPU
	EndGlobalSection
EndGlobal
